
Microsoft Visual Studio Solution File, Format Version 12.00
# Visual Studio Version 16
VisualStudioVersion = 16.0.30717.126
MinimumVisualStudioVersion = 10.0.40219.1
Project("{FAE04EC0-301F-11D3-BF4B-00C04F79EFBC}") = "APIWithEFCore", "APIWithEFCore\APIWithEFCore.csproj", "{281A6D8F-1F8F-430F-B197-8BC9AD3502E1}"
EndProject
Global
	GlobalSection(SolutionConfigurationPlatforms) = preSolution
		Debug|Any CPU = Debug|Any CPU
		Release|Any CPU = Release|Any CPU
	EndGlobalSection
	GlobalSection(ProjectConfigurationPlatforms) = postSolution
		{281A6D8F-1F8F-430F-B197-8BC9AD3502E1}.Debug|Any CPU.ActiveCfg = Debug|Any CPU
		{281A6D8F-1F8F-430F-B197-8BC9AD3502E1}.Debug|Any CPU.Build.0 = Debug|Any CPU
		{281A6D8F-1F8F-430F-B197-8BC9AD3502E1}.Release|Any CPU.ActiveCfg = Release|Any CPU
		{281A6D8F-1F8F-430F-B197-8BC9AD3502E1}.Release|Any CPU.Build.0 = Release|Any CPU
	EndGlobalSection
	GlobalSection(SolutionProperties) = preSolution
		HideSolutionNode = FALSE
	EndGlobalSection
	GlobalSection(ExtensibilityGlobals) = postSolution
		SolutionGuid = {FDF24F5C-B36A-4445-AE41-39977842134A}
	EndGlobalSection
EndGlobal
